// !$*UTF8*$!
{
	archiveVersion = 1;
	classes = {
	};
	objectVersion = 46;
	objects = {

/* Begin PBXBuildFile section */
		8AE347A51C84A6900029C178 /* AppDelegate.swift in Sources */ = {isa = PBXBuildFile; fileRef = 8AE347A41C84A6900029C178 /* AppDelegate.swift */; };
		8AE347A71C84A6900029C178 /* ViewController.swift in Sources */ = {isa = PBXBuildFile; fileRef = 8AE347A61C84A6900029C178 /* ViewController.swift */; };
		8AE347AA1C84A6900029C178 /* Main.storyboard in Resources */ = {isa = PBXBuildFile; fileRef = 8AE347A81C84A6900029C178 /* Main.storyboard */; };
		8AE347AD1C84A6900029C178 /* ISBNTable.xcdatamodeld in Sources */ = {isa = PBXBuildFile; fileRef = 8AE347AB1C84A6900029C178 /* ISBNTable.xcdatamodeld */; };
		8AE347AF1C84A6900029C178 /* Assets.xcassets in Resources */ = {isa = PBXBuildFile; fileRef = 8AE347AE1C84A6900029C178 /* Assets.xcassets */; };
		8AE347B21C84A6900029C178 /* LaunchScreen.storyboard in Resources */ = {isa = PBXBuildFile; fileRef = 8AE347B01C84A6900029C178 /* LaunchScreen.storyboard */; };
		8AE347BA1C84A9C70029C178 /* EntrarISBN.swift in Sources */ = {isa = PBXBuildFile; fileRef = 8AE347B91C84A9C70029C178 /* EntrarISBN.swift */; };
		8AE347BC1C84AD730029C178 /* ISBNTableView.swift in Sources */ = {isa = PBXBuildFile; fileRef = 8AE347BB1C84AD730029C178 /* ISBNTableView.swift */; };
		8AE347BE1C84EDE40029C178 /* VerDetalles.swift in Sources */ = {isa = PBXBuildFile; fileRef = 8AE347BD1C84EDE40029C178 /* VerDetalles.swift */; };
/* End PBXBuildFile section */

/* Begin PBXFileReference section */
		8AE347A11C84A6900029C178 /* ISBNTable.app */ = {isa = PBXFileReference; explicitFileType = wrapper.application; includeInIndex = 0; path = ISBNTable.app; sourceTree = BUILT_PRODUCTS_DIR; };
		8AE347A41C84A6900029C178 /* AppDelegate.swift */ = {isa = PBXFileReference; lastKnownFileType = sourcecode.swift; path = AppDelegate.swift; sourceTree = "<group>"; };
		8AE347A61C84A6900029C178 /* ViewController.swift */ = {isa = PBXFileReference; lastKnownFileType = sourcecode.swift; path = ViewController.swift; sourceTree = "<group>"; };
		8AE347A91C84A6900029C178 /* Base */ = {isa = PBXFileReference; lastKnownFileType = file.storyboard; name = Base; path = Base.lproj/Main.storyboard; sourceTree = "<group>"; };
		8AE347AC1C84A6900029C178 /* ISBNTable.xcdatamodel */ = {isa = PBXFileReference; lastKnownFileType = wrapper.xcdatamodel; path = ISBNTable.xcdatamodel; sourceTree = "<group>"; };
		8AE347AE1C84A6900029C178 /* Assets.xcassets */ = {isa = PBXFileReference; lastKnownFileType = folder.assetcatalog; path = Assets.xcassets; sourceTree = "<group>"; };
		8AE347B11C84A6900029C178 /* Base */ = {isa = PBXFileReference; lastKnownFileType = file.storyboard; name = Base; path = Base.lproj/LaunchScreen.storyboard; sourceTree = "<group>"; };
		8AE347B31C84A6900029C178 /* Info.plist */ = {isa = PBXFileReference; lastKnownFileType = text.plist.xml; path = Info.plist; sourceTree = "<group>"; };
		8AE347B91C84A9C70029C178 /* EntrarISBN.swift */ = {isa = PBXFileReference; fileEncoding = 4; lastKnownFileType = sourcecode.swift; path = EntrarISBN.swift; sourceTree = "<group>"; };
		8AE347BB1C84AD730029C178 /* ISBNTableView.swift */ = {isa = PBXFileReference; fileEncoding = 4; lastKnownFileType = sourcecode.swift; path = ISBNTableView.swift; sourceTree = "<group>"; };
		8AE347BD1C84EDE40029C178 /* VerDetalles.swift */ = {isa = PBXFileReference; fileEncoding = 4; lastKnownFileType = sourcecode.swift; path = VerDetalles.swift; sourceTree = "<group>"; };
/* End PBXFileReference section */

/* Begin PBXFrameworksBuildPhase section */
		8AE3479E1C84A6900029C178 /* Frameworks */ = {
			isa = PBXFrameworksBuildPhase;
			buildActionMask = 2147483647;
			files = (
			);
			runOnlyForDeploymentPostprocessing = 0;
		};
/* End PBXFrameworksBuildPhase section */

/* Begin PBXGroup section */
		8AE347981C84A6900029C178 = {
			isa = PBXGroup;
			children = (
				8AE347A31C84A6900029C178 /* ISBNTable */,
				8AE347A21C84A6900029C178 /* Products */,
			);
			sourceTree = "<group>";
		};
		8AE347A21C84A6900029C178 /* Products */ = {
			isa = PBXGroup;
			children = (
				8AE347A11C84A6900029C178 /* ISBNTable.app */,
			);
			name = Products;
			sourceTree = "<group>";
		};
		8AE347A31C84A6900029C178 /* ISBNTable */ = {
			isa = PBXGroup;
			children = (
				8AE347A41C84A6900029C178 /* AppDelegate.swift */,
				8AE347A61C84A6900029C178 /* ViewController.swift */,
				8AE347A81C84A6900029C178 /* Main.storyboard */,
				8AE347AE1C84A6900029C178 /* Assets.xcassets */,
				8AE347B01C84A6900029C178 /* LaunchScreen.storyboard */,
				8AE347B31C84A6900029C178 /* Info.plist */,
				8AE347AB1C84A6900029C178 /* ISBNTable.xcdatamodeld */,
				8AE347B91C84A9C70029C178 /* EntrarISBN.swift */,
				8AE347BB1C84AD730029C178 /* ISBNTableView.swift */,
				8AE347BD1C84EDE40029C178 /* VerDetalles.swift */,
			);
			path = ISBNTable;
			sourceTree = "<group>";
		};
/* End PBXGroup section */

/* Begin PBXNativeTarget section */
		8AE347A01C84A6900029C178 /* ISBNTable */ = {
			isa = PBXNativeTarget;
			buildConfigurationList = 8AE347B61C84A6900029C178 /* Build configuration list for PBXNativeTarget "ISBNTable" */;
			buildPhases = (
				8AE3479D1C84A6900029C178 /* Sources */,
				8AE3479E1C84A6900029C178 /* Frameworks */,
				8AE3479F1C84A6900029C178 /* Resources */,
			);
			buildRules = (
			);
			dependencies = (
			);
			name = ISBNTable;
			productName = ISBNTable;
			productReference = 8AE347A11C84A6900029C178 /* ISBNTable.app */;
			productType = "com.apple.product-type.application";
		};
/* End PBXNativeTarget section */

/* Begin PBXProject section */
		8AE347991C84A6900029C178 /* Project object */ = {
			isa = PBXProject;
			attributes = {
				LastSwiftUpdateCheck = 0720;
				LastUpgradeCheck = 0720;
				ORGANIZATIONNAME = mine;
				TargetAttributes = {
					8AE347A01C84A6900029C178 = {
						CreatedOnToolsVersion = 7.2.1;
					};
				};
			};
			buildConfigurationList = 8AE3479C1C84A6900029C178 /* Build configuration list for PBXProject "ISBNTable" */;
			compatibilityVersion = "Xcode 3.2";
			developmentRegion = English;
			hasScannedForEncodings = 0;
			knownRegions = (
				en,
				Base,
			);
			mainGroup = 8AE347981C84A6900029C178;
			productRefGroup = 8AE347A21C84A6900029C178 /* Products */;
			projectDirPath = "";
			projectRoot = "";
			targets = (
				8AE347A01C84A6900029C178 /* ISBNTable */,
			);
		};
/* End PBXProject section */

/* Begin PBXResourcesBuildPhase section */
		8AE3479F1C84A6900029C178 /* Resources */ = {
			isa = PBXResourcesBuildPhase;
			buildActionMask = 2147483647;
			files = (
				8AE347B21C84A6900029C178 /* LaunchScreen.storyboard in Resources */,
				8AE347AF1C84A6900029C178 /* Assets.xcassets in Resources */,
				8AE347AA1C84A6900029C178 /* Main.storyboard in Resources */,
			);
			runOnlyForDeploymentPostprocessing = 0;
		};
/* End PBXResourcesBuildPhase section */

/* Begin PBXSourcesBuildPhase section */
		8AE3479D1C84A6900029C178 /* Sources */ = {
			isa = PBXSourcesBuildPhase;
			buildActionMask = 2147483647;
			files = (
				8AE347AD1C84A6900029C178 /* ISBNTable.xcdatamodeld in Sources */,
				8AE347BE1C84EDE40029C178 /* VerDetalles.swift in Sources */,
				8AE347A71C84A6900029C178 /* ViewController.swift in Sources */,
				8AE347A51C84A6900029C178 /* AppDelegate.swift in Sources */,
				8AE347BA1C84A9C70029C178 /* EntrarISBN.swift in Sources */,
				8AE347BC1C84AD730029C178 /* ISBNTableView.swift in Sources */,
			);
			runOnlyForDeploymentPostprocessing = 0;
		};
/* End PBXSourcesBuildPhase section */

/* Begin PBXVariantGroup section */
		8AE347A81C84A6900029C178 /* Main.storyboard */ = {
			isa = PBXVariantGroup;
			children = (
				8AE347A91C84A6900029C178 /* Base */,
			);
			name = Main.storyboard;
			sourceTree = "<group>";
		};
		8AE347B01C84A6900029C178 /* LaunchScreen.storyboard */ = {
			isa = PBXVariantGroup;
			children = (
				8AE347B11C84A6900029C178 /* Base */,
			);
			name = LaunchScreen.storyboard;
			sourceTree = "<group>";
		};
/* End PBXVariantGroup section */

/* Begin XCBuildConfiguration section */
		8AE347B41C84A6900029C178 /* Debug */ = {
			isa = XCBuildConfiguration;
			buildSettings = {
				ALWAYS_SEARCH_USER_PATHS = NO;
				CLANG_CXX_LANGUAGE_STANDARD = "gnu++0x";
				CLANG_CXX_LIBRARY = "libc++";
				CLANG_ENABLE_MODULES = YES;
				CLANG_ENABLE_OBJC_ARC = YES;
				CLANG_WARN_BOOL_CONVERSION = YES;
				CLANG_WARN_CONSTANT_CONVERSION = YES;
				CLANG_WARN_DIRECT_OBJC_ISA_USAGE = YES_ERROR;
				CLANG_WARN_EMPTY_BODY = YES;
				CLANG_WARN_ENUM_CONVERSION = YES;
				CLANG_WARN_INT_CONVERSION = YES;
				CLANG_WARN_OBJC_ROOT_CLASS = YES_ERROR;
				CLANG_WARN_UNREACHABLE_CODE = YES;
				CLANG_WARN__DUPLICATE_METHOD_MATCH = YES;
				"CODE_SIGN_IDENTITY[sdk=iphoneos*]" = "iPhone Developer";
				COPY_PHASE_STRIP = NO;
				DEBUG_INFORMATION_FORMAT = dwarf;
				ENABLE_STRICT_OBJC_MSGSEND = YES;
				ENABLE_TESTABILITY = YES;
				GCC_C_LANGUAGE_STANDARD = gnu99;
				GCC_DYNAMIC_NO_PIC = NO;
				GCC_NO_COMMON_BLOCKS = YES;
				GCC_OPTIMIZATION_LEVEL = 0;
				GCC_PREPROCESSOR_DEFINITIONS = (
					"DEBUG=1",
					"$(inherited)",
				);
				GCC_WARN_64_TO_32_BIT_CONVERSION = YES;
				GCC_WARN_ABOUT_RETURN_TYPE = YES_ERROR;
				GCC_WARN_UNDECLARED_SELECTOR = YES;
				GCC_WARN_UNINITIALIZED_AUTOS = YES_AGGRESSIVE;
				GCC_WARN_UNUSED_FUNCTION = YES;
				GCC_WARN_UNUSED_VARIABLE = YES;
				IPHONEOS_DEPLOYMENT_TARGET = 9.2;
				MTL_ENABLE_DEBUG_INFO = YES;
				ONLY_ACTIVE_ARCH = YES;
				SDKROOT = iphoneos;
				SWIFT_OPTIMIZATION_LEVEL = "-Onone";
			};
			name = Debug;
		};
		8AE347B51C84A6900029C178 /* Release */ = {
			isa = XCBuildConfiguration;
			buildSettings = {
				ALWAYS_SEARCH_USER_PATHS = NO;
				CLANG_CXX_LANGUAGE_STANDARD = "gnu++0x";
				CLANG_CXX_LIBRARY = "libc++";
				CLANG_ENABLE_MODULES = YES;
				CLANG_ENABLE_OBJC_ARC = YES;
				CLANG_WARN_BOOL_CONVERSION = YES;
				CLANG_WARN_CONSTANT_CONVERSION = YES;
				CLANG_WARN_DIRECT_OBJC_ISA_USAGE = YES_ERROR;
				CLANG_WARN_EMPTY_BODY = YES;
				CLANG_WARN_ENUM_CONVERSION = YES;
				CLANG_WARN_INT_CONVERSION = YES;
				CLANG_WARN_OBJC_ROOT_CLASS = YES_ERROR;
				CLANG_WARN_UNREACHABLE_CODE = YES;
				CLANG_WARN__DUPLICATE_METHOD_MATCH = YES;
				"CODE_SIGN_IDENTITY[sdk=iphoneos*]" = "iPhone Developer";
				COPY_PHASE_STRIP = NO;
				DEBUG_INFORMATION_FORMAT = "dwarf-with-dsym";
				ENABLE_NS_ASSERTIONS = NO;
				ENABLE_STRICT_OBJC_MSGSEND = YES;
				GCC_C_LANGUAGE_STANDARD = gnu99;
				GCC_NO_COMMON_BLOCKS = YES;
				GCC_WARN_64_TO_32_BIT_CONVERSION = YES;
				GCC_WARN_ABOUT_RETURN_TYPE = YES_ERROR;
				GCC_WARN_UNDECLARED_SELECTOR = YES;
				GCC_WARN_UNINITIALIZED_AUTOS = YES_AGGRESSIVE;
				GCC_WARN_UNUSED_FUNCTION = YES;
				GCC_WARN_UNUSED_VARIABLE = YES;
				IPHONEOS_DEPLOYMENT_TARGET = 9.2;
				MTL_ENABLE_DEBUG_INFO = NO;
				SDKROOT = iphoneos;
				VALIDATE_PRODUCT = YES;
			};
			name = Release;
		};
		8AE347B71C84A6900029C178 /* Debug */ = {
			isa = XCBuildConfiguration;
			buildSettings = {
				ASSETCATALOG_COMPILER_APPICON_NAME = AppIcon;
				CODE_SIGN_IDENTITY = "iPhone Developer";
				INFOPLIST_FILE = ISBNTable/Info.plist;
				LD_RUNPATH_SEARCH_PATHS = "$(inherited) @executable_path/Frameworks";
				PRODUCT_BUNDLE_IDENTIFIER = mine.org.ISBNTable;
				PRODUCT_NAME = "$(TARGET_NAME)";
			};
			name = Debug;
		};
		8AE347B81C84A6900029C178 /* Release */ = {
			isa = XCBuildConfiguration;
			buildSettings = {
				ASSETCATALOG_COMPILER_APPICON_NAME = AppIcon;
				CODE_SIGN_IDENTITY = "iPhone Developer";
				INFOPLIST_FILE = ISBNTable/Info.plist;
				LD_RUNPATH_SEARCH_PATHS = "$(inherited) @executable_path/Frameworks";
				PRODUCT_BUNDLE_IDENTIFIER = mine.org.ISBNTable;
				PRODUCT_NAME = "$(TARGET_NAME)";
			};
			name = Release;
		};
/* End XCBuildConfiguration section */

/* Begin XCConfigurationList section */
		8AE3479C1C84A6900029C178 /* Build configuration list for PBXProject "ISBNTable" */ = {
			isa = XCConfigurationList;
			buildConfigurations = (
				8AE347B41C84A6900029C178 /* Debug */,
				8AE347B51C84A6900029C178 /* Release */,
			);
			defaultConfigurationIsVisible = 0;
			defaultConfigurationName = Release;
		};
		8AE347B61C84A6900029C178 /* Build configuration list for PBXNativeTarget "ISBNTable" */ = {
			isa = XCConfigurationList;
			buildConfigurations = (
				8AE347B71C84A6900029C178 /* Debug */,
				8AE347B81C84A6900029C178 /* Release */,
			);
			defaultConfigurationIsVisible = 0;
		};
/* End XCConfigurationList section */

/* Begin XCVersionGroup section */
		8AE347AB1C84A6900029C178 /* ISBNTable.xcdatamodeld */ = {
			isa = XCVersionGroup;
			children = (
				8AE347AC1C84A6900029C178 /* ISBNTable.xcdatamodel */,
			);
			currentVersion = 8AE347AC1C84A6900029C178 /* ISBNTable.xcdatamodel */;
			path = ISBNTable.xcdatamodeld;
			sourceTree = "<group>";
			versionGroupType = wrapper.xcdatamodel;
		};
/* End XCVersionGroup section */
	};
	rootObject = 8AE347991C84A6900029C178 /* Project object */;
}
